{
  "name": "pythonplayground",
  "version": "1.0.0",
  "lockfileVersion": 3,
  "requires": true,
  "packages": {
    "": {
      "name": "pythonplayground",
      "version": "1.0.0",
      "license": "ISC",
      "dependencies": {
        "brython": "^3.12.3",
        "flask": "^0.2.10"
      }
    },
    "node_modules/brython": {
      "version": "3.12.3",
      "resolved": "https://registry.npmjs.org/brython/-/brython-3.12.3.tgz",
      "integrity": "sha512-RvyyauApu4QrTCsJLal/ZQr6/4PZ6GdgD/OajRRHiUtP8zG6WjQyiG7MX3dYklr4i0lw8eKp4k25XEoobHKh4g=="
    },
    "node_modules/flask": {
      "version": "0.2.10",
      "resolved": "https://registry.npmjs.org/flask/-/flask-0.2.10.tgz",
      "integrity": "sha512-Zy69KIuFsoX0o2W5uDHHk1GHMwRT8QT0AboPQY7b1soCfJ2pfwKxHF2AGVwJmDUjzawgOavoY/UsXnZ7fk3lVQ=="
    }
  }
}
